
Microsoft Visual Studio Solution File, Format Version 12.00
# Visual Studio 14
VisualStudioVersion = 14.0.25420.1
MinimumVisualStudioVersion = 10.0.40219.1
Project("{FAE04EC0-301F-11D3-BF4B-00C04F79EFBC}") = "PlanitClient04.Droid", "PlanitClient04\PlanitClient04.Droid\PlanitClient04.Droid.csproj", "{7DC8DFDB-F094-461F-8E32-6A70B181412A}"
EndProject
Project("{FAE04EC0-301F-11D3-BF4B-00C04F79EFBC}") = "PlanitClient04.iOS", "PlanitClient04\PlanitClient04.iOS\PlanitClient04.iOS.csproj", "{E8BEC2DD-6DBB-4F7B-A661-441E13FBE7E6}"
EndProject
Project("{FAE04EC0-301F-11D3-BF4B-00C04F79EFBC}") = "PlanitClient04.WinPhone", "PlanitClient04\PlanitClient04.WinPhone\PlanitClient04.WinPhone.csproj", "{D0E7F20C-611A-412D-B057-CBB166B3771D}"
EndProject
Project("{FAE04EC0-301F-11D3-BF4B-00C04F79EFBC}") = "PlanitClient04.UWP", "PlanitClient04\PlanitClient04.UWP\PlanitClient04.UWP.csproj", "{A3E65C0A-BAB0-4554-A3CA-2ACE2D9256C7}"
EndProject
Project("{FAE04EC0-301F-11D3-BF4B-00C04F79EFBC}") = "PlanitClient04.Windows", "PlanitClient04\PlanitClient04.Windows\PlanitClient04.Windows.csproj", "{1B25DF5D-72EA-4658-B9AA-EA206FCF6DC0}"
EndProject
Project("{FAE04EC0-301F-11D3-BF4B-00C04F79EFBC}") = "PlanitClient04", "PlanitClient04\PlanitClient04\PlanitClient04.csproj", "{DFEEB3D1-C3AF-4B54-BF07-09D814212DCC}"
EndProject
Global
	GlobalSection(SolutionConfigurationPlatforms) = preSolution
		Ad-Hoc|Any CPU = Ad-Hoc|Any CPU
		Ad-Hoc|ARM = Ad-Hoc|ARM
		Ad-Hoc|iPhone = Ad-Hoc|iPhone
		Ad-Hoc|iPhoneSimulator = Ad-Hoc|iPhoneSimulator
		Ad-Hoc|x64 = Ad-Hoc|x64
		Ad-Hoc|x86 = Ad-Hoc|x86
		AppStore|Any CPU = AppStore|Any CPU
		AppStore|ARM = AppStore|ARM
		AppStore|iPhone = AppStore|iPhone
		AppStore|iPhoneSimulator = AppStore|iPhoneSimulator
		AppStore|x64 = AppStore|x64
		AppStore|x86 = AppStore|x86
		Debug|Any CPU = Debug|Any CPU
		Debug|ARM = Debug|ARM
		Debug|iPhone = Debug|iPhone
		Debug|iPhoneSimulator = Debug|iPhoneSimulator
		Debug|x64 = Debug|x64
		Debug|x86 = Debug|x86
		Release|Any CPU = Release|Any CPU
		Release|ARM = Release|ARM
		Release|iPhone = Release|iPhone
		Release|iPhoneSimulator = Release|iPhoneSimulator
		Release|x64 = Release|x64
		Release|x86 = Release|x86
	EndGlobalSection
	GlobalSection(ProjectConfigurationPlatforms) = postSolution
		{7DC8DFDB-F094-461F-8E32-6A70B181412A}.Ad-Hoc|Any CPU.ActiveCfg = Release|Any CPU
		{7DC8DFDB-F094-461F-8E32-6A70B181412A}.Ad-Hoc|Any CPU.Build.0 = Release|Any CPU
		{7DC8DFDB-F094-461F-8E32-6A70B181412A}.Ad-Hoc|Any CPU.Deploy.0 = Release|Any CPU
		{7DC8DFDB-F094-461F-8E32-6A70B181412A}.Ad-Hoc|ARM.ActiveCfg = Release|Any CPU
		{7DC8DFDB-F094-461F-8E32-6A70B181412A}.Ad-Hoc|ARM.Build.0 = Release|Any CPU
		{7DC8DFDB-F094-461F-8E32-6A70B181412A}.Ad-Hoc|ARM.Deploy.0 = Release|Any CPU
		{7DC8DFDB-F094-461F-8E32-6A70B181412A}.Ad-Hoc|iPhone.ActiveCfg = Release|Any CPU
		{7DC8DFDB-F094-461F-8E32-6A70B181412A}.Ad-Hoc|iPhone.Build.0 = Release|Any CPU
		{7DC8DFDB-F094-461F-8E32-6A70B181412A}.Ad-Hoc|iPhone.Deploy.0 = Release|Any CPU
		{7DC8DFDB-F094-461F-8E32-6A70B181412A}.Ad-Hoc|iPhoneSimulator.ActiveCfg = Release|Any CPU
		{7DC8DFDB-F094-461F-8E32-6A70B181412A}.Ad-Hoc|iPhoneSimulator.Build.0 = Release|Any CPU
		{7DC8DFDB-F094-461F-8E32-6A70B181412A}.Ad-Hoc|iPhoneSimulator.Deploy.0 = Release|Any CPU
		{7DC8DFDB-F094-461F-8E32-6A70B181412A}.Ad-Hoc|x64.ActiveCfg = Release|Any CPU
		{7DC8DFDB-F094-461F-8E32-6A70B181412A}.Ad-Hoc|x64.Build.0 = Release|Any CPU
		{7DC8DFDB-F094-461F-8E32-6A70B181412A}.Ad-Hoc|x64.Deploy.0 = Release|Any CPU
		{7DC8DFDB-F094-461F-8E32-6A70B181412A}.Ad-Hoc|x86.ActiveCfg = Release|Any CPU
		{7DC8DFDB-F094-461F-8E32-6A70B181412A}.Ad-Hoc|x86.Build.0 = Release|Any CPU
		{7DC8DFDB-F094-461F-8E32-6A70B181412A}.Ad-Hoc|x86.Deploy.0 = Release|Any CPU
		{7DC8DFDB-F094-461F-8E32-6A70B181412A}.AppStore|Any CPU.ActiveCfg = Release|Any CPU
		{7DC8DFDB-F094-461F-8E32-6A70B181412A}.AppStore|Any CPU.Build.0 = Release|Any CPU
		{7DC8DFDB-F094-461F-8E32-6A70B181412A}.AppStore|Any CPU.Deploy.0 = Release|Any CPU
		{7DC8DFDB-F094-461F-8E32-6A70B181412A}.AppStore|ARM.ActiveCfg = Release|Any CPU
		{7DC8DFDB-F094-461F-8E32-6A70B181412A}.AppStore|ARM.Build.0 = Release|Any CPU
		{7DC8DFDB-F094-461F-8E32-6A70B181412A}.AppStore|ARM.Deploy.0 = Release|Any CPU
		{7DC8DFDB-F094-461F-8E32-6A70B181412A}.AppStore|iPhone.ActiveCfg = Release|Any CPU
		{7DC8DFDB-F094-461F-8E32-6A70B181412A}.AppStore|iPhone.Build.0 = Release|Any CPU
		{7DC8DFDB-F094-461F-8E32-6A70B181412A}.AppStore|iPhone.Deploy.0 = Release|Any CPU
		{7DC8DFDB-F094-461F-8E32-6A70B181412A}.AppStore|iPhoneSimulator.ActiveCfg = Release|Any CPU
		{7DC8DFDB-F094-461F-8E32-6A70B181412A}.AppStore|iPhoneSimulator.Build.0 = Release|Any CPU
		{7DC8DFDB-F094-461F-8E32-6A70B181412A}.AppStore|iPhoneSimulator.Deploy.0 = Release|Any CPU
		{7DC8DFDB-F094-461F-8E32-6A70B181412A}.AppStore|x64.ActiveCfg = Release|Any CPU
		{7DC8DFDB-F094-461F-8E32-6A70B181412A}.AppStore|x64.Build.0 = Release|Any CPU
		{7DC8DFDB-F094-461F-8E32-6A70B181412A}.AppStore|x64.Deploy.0 = Release|Any CPU
		{7DC8DFDB-F094-461F-8E32-6A70B181412A}.AppStore|x86.ActiveCfg = Release|Any CPU
		{7DC8DFDB-F094-461F-8E32-6A70B181412A}.AppStore|x86.Build.0 = Release|Any CPU
		{7DC8DFDB-F094-461F-8E32-6A70B181412A}.AppStore|x86.Deploy.0 = Release|Any CPU
		{7DC8DFDB-F094-461F-8E32-6A70B181412A}.Debug|Any CPU.ActiveCfg = Debug|Any CPU
		{7DC8DFDB-F094-461F-8E32-6A70B181412A}.Debug|ARM.ActiveCfg = Debug|Any CPU
		{7DC8DFDB-F094-461F-8E32-6A70B181412A}.Debug|ARM.Build.0 = Debug|Any CPU
		{7DC8DFDB-F094-461F-8E32-6A70B181412A}.Debug|ARM.Deploy.0 = Debug|Any CPU
		{7DC8DFDB-F094-461F-8E32-6A70B181412A}.Debug|iPhone.ActiveCfg = Debug|Any CPU
		{7DC8DFDB-F094-461F-8E32-6A70B181412A}.Debug|iPhone.Build.0 = Debug|Any CPU
		{7DC8DFDB-F094-461F-8E32-6A70B181412A}.Debug|iPhone.Deploy.0 = Debug|Any CPU
		{7DC8DFDB-F094-461F-8E32-6A70B181412A}.Debug|iPhoneSimulator.ActiveCfg = Debug|Any CPU
		{7DC8DFDB-F094-461F-8E32-6A70B181412A}.Debug|iPhoneSimulator.Build.0 = Debug|Any CPU
		{7DC8DFDB-F094-461F-8E32-6A70B181412A}.Debug|iPhoneSimulator.Deploy.0 = Debug|Any CPU
		{7DC8DFDB-F094-461F-8E32-6A70B181412A}.Debug|x64.ActiveCfg = Debug|Any CPU
		{7DC8DFDB-F094-461F-8E32-6A70B181412A}.Debug|x64.Build.0 = Debug|Any CPU
		{7DC8DFDB-F094-461F-8E32-6A70B181412A}.Debug|x64.Deploy.0 = Debug|Any CPU
		{7DC8DFDB-F094-461F-8E32-6A70B181412A}.Debug|x86.ActiveCfg = Debug|Any CPU
		{7DC8DFDB-F094-461F-8E32-6A70B181412A}.Debug|x86.Build.0 = Debug|Any CPU
		{7DC8DFDB-F094-461F-8E32-6A70B181412A}.Debug|x86.Deploy.0 = Debug|Any CPU
		{7DC8DFDB-F094-461F-8E32-6A70B181412A}.Release|Any CPU.ActiveCfg = Release|Any CPU
		{7DC8DFDB-F094-461F-8E32-6A70B181412A}.Release|Any CPU.Build.0 = Release|Any CPU
		{7DC8DFDB-F094-461F-8E32-6A70B181412A}.Release|Any CPU.Deploy.0 = Release|Any CPU
		{7DC8DFDB-F094-461F-8E32-6A70B181412A}.Release|ARM.ActiveCfg = Release|Any CPU
		{7DC8DFDB-F094-461F-8E32-6A70B181412A}.Release|ARM.Build.0 = Release|Any CPU
		{7DC8DFDB-F094-461F-8E32-6A70B181412A}.Release|ARM.Deploy.0 = Release|Any CPU
		{7DC8DFDB-F094-461F-8E32-6A70B181412A}.Release|iPhone.ActiveCfg = Release|Any CPU
		{7DC8DFDB-F094-461F-8E32-6A70B181412A}.Release|iPhone.Build.0 = Release|Any CPU
		{7DC8DFDB-F094-461F-8E32-6A70B181412A}.Release|iPhone.Deploy.0 = Release|Any CPU
		{7DC8DFDB-F094-461F-8E32-6A70B181412A}.Release|iPhoneSimulator.ActiveCfg = Release|Any CPU
		{7DC8DFDB-F094-461F-8E32-6A70B181412A}.Release|iPhoneSimulator.Build.0 = Release|Any CPU
		{7DC8DFDB-F094-461F-8E32-6A70B181412A}.Release|iPhoneSimulator.Deploy.0 = Release|Any CPU
		{7DC8DFDB-F094-461F-8E32-6A70B181412A}.Release|x64.ActiveCfg = Release|Any CPU
		{7DC8DFDB-F094-461F-8E32-6A70B181412A}.Release|x64.Build.0 = Release|Any CPU
		{7DC8DFDB-F094-461F-8E32-6A70B181412A}.Release|x64.Deploy.0 = Release|Any CPU
		{7DC8DFDB-F094-461F-8E32-6A70B181412A}.Release|x86.ActiveCfg = Release|Any CPU
		{7DC8DFDB-F094-461F-8E32-6A70B181412A}.Release|x86.Build.0 = Release|Any CPU
		{7DC8DFDB-F094-461F-8E32-6A70B181412A}.Release|x86.Deploy.0 = Release|Any CPU
		{E8BEC2DD-6DBB-4F7B-A661-441E13FBE7E6}.Ad-Hoc|Any CPU.ActiveCfg = Ad-Hoc|iPhone
		{E8BEC2DD-6DBB-4F7B-A661-441E13FBE7E6}.Ad-Hoc|ARM.ActiveCfg = Ad-Hoc|iPhone
		{E8BEC2DD-6DBB-4F7B-A661-441E13FBE7E6}.Ad-Hoc|iPhone.ActiveCfg = Ad-Hoc|iPhone
		{E8BEC2DD-6DBB-4F7B-A661-441E13FBE7E6}.Ad-Hoc|iPhone.Build.0 = Ad-Hoc|iPhone
		{E8BEC2DD-6DBB-4F7B-A661-441E13FBE7E6}.Ad-Hoc|iPhoneSimulator.ActiveCfg = Ad-Hoc|iPhoneSimulator
		{E8BEC2DD-6DBB-4F7B-A661-441E13FBE7E6}.Ad-Hoc|iPhoneSimulator.Build.0 = Ad-Hoc|iPhoneSimulator
		{E8BEC2DD-6DBB-4F7B-A661-441E13FBE7E6}.Ad-Hoc|x64.ActiveCfg = Ad-Hoc|iPhone
		{E8BEC2DD-6DBB-4F7B-A661-441E13FBE7E6}.Ad-Hoc|x86.ActiveCfg = Ad-Hoc|iPhone
		{E8BEC2DD-6DBB-4F7B-A661-441E13FBE7E6}.AppStore|Any CPU.ActiveCfg = AppStore|iPhone
		{E8BEC2DD-6DBB-4F7B-A661-441E13FBE7E6}.AppStore|ARM.ActiveCfg = AppStore|iPhone
		{E8BEC2DD-6DBB-4F7B-A661-441E13FBE7E6}.AppStore|iPhone.ActiveCfg = AppStore|iPhone
		{E8BEC2DD-6DBB-4F7B-A661-441E13FBE7E6}.AppStore|iPhone.Build.0 = AppStore|iPhone
		{E8BEC2DD-6DBB-4F7B-A661-441E13FBE7E6}.AppStore|iPhoneSimulator.ActiveCfg = AppStore|iPhoneSimulator
		{E8BEC2DD-6DBB-4F7B-A661-441E13FBE7E6}.AppStore|iPhoneSimulator.Build.0 = AppStore|iPhoneSimulator
		{E8BEC2DD-6DBB-4F7B-A661-441E13FBE7E6}.AppStore|x64.ActiveCfg = AppStore|iPhone
		{E8BEC2DD-6DBB-4F7B-A661-441E13FBE7E6}.AppStore|x86.ActiveCfg = AppStore|iPhone
		{E8BEC2DD-6DBB-4F7B-A661-441E13FBE7E6}.Debug|Any CPU.ActiveCfg = Debug|iPhone
		{E8BEC2DD-6DBB-4F7B-A661-441E13FBE7E6}.Debug|ARM.ActiveCfg = Debug|iPhone
		{E8BEC2DD-6DBB-4F7B-A661-441E13FBE7E6}.Debug|iPhone.ActiveCfg = Debug|iPhone
		{E8BEC2DD-6DBB-4F7B-A661-441E13FBE7E6}.Debug|iPhone.Build.0 = Debug|iPhone
		{E8BEC2DD-6DBB-4F7B-A661-441E13FBE7E6}.Debug|iPhoneSimulator.ActiveCfg = Debug|iPhoneSimulator
		{E8BEC2DD-6DBB-4F7B-A661-441E13FBE7E6}.Debug|iPhoneSimulator.Build.0 = Debug|iPhoneSimulator
		{E8BEC2DD-6DBB-4F7B-A661-441E13FBE7E6}.Debug|x64.ActiveCfg = Debug|iPhone
		{E8BEC2DD-6DBB-4F7B-A661-441E13FBE7E6}.Debug|x86.ActiveCfg = Debug|iPhone
		{E8BEC2DD-6DBB-4F7B-A661-441E13FBE7E6}.Release|Any CPU.ActiveCfg = Release|iPhone
		{E8BEC2DD-6DBB-4F7B-A661-441E13FBE7E6}.Release|ARM.ActiveCfg = Release|iPhone
		{E8BEC2DD-6DBB-4F7B-A661-441E13FBE7E6}.Release|iPhone.ActiveCfg = Release|iPhone
		{E8BEC2DD-6DBB-4F7B-A661-441E13FBE7E6}.Release|iPhone.Build.0 = Release|iPhone
		{E8BEC2DD-6DBB-4F7B-A661-441E13FBE7E6}.Release|iPhoneSimulator.ActiveCfg = Release|iPhoneSimulator
		{E8BEC2DD-6DBB-4F7B-A661-441E13FBE7E6}.Release|iPhoneSimulator.Build.0 = Release|iPhoneSimulator
		{E8BEC2DD-6DBB-4F7B-A661-441E13FBE7E6}.Release|x64.ActiveCfg = Release|iPhone
		{E8BEC2DD-6DBB-4F7B-A661-441E13FBE7E6}.Release|x86.ActiveCfg = Release|iPhone
		{D0E7F20C-611A-412D-B057-CBB166B3771D}.Ad-Hoc|Any CPU.ActiveCfg = Release|Any CPU
		{D0E7F20C-611A-412D-B057-CBB166B3771D}.Ad-Hoc|Any CPU.Build.0 = Release|Any CPU
		{D0E7F20C-611A-412D-B057-CBB166B3771D}.Ad-Hoc|Any CPU.Deploy.0 = Release|Any CPU
		{D0E7F20C-611A-412D-B057-CBB166B3771D}.Ad-Hoc|ARM.ActiveCfg = Release|ARM
		{D0E7F20C-611A-412D-B057-CBB166B3771D}.Ad-Hoc|ARM.Build.0 = Release|ARM
		{D0E7F20C-611A-412D-B057-CBB166B3771D}.Ad-Hoc|ARM.Deploy.0 = Release|ARM
		{D0E7F20C-611A-412D-B057-CBB166B3771D}.Ad-Hoc|iPhone.ActiveCfg = Release|Any CPU
		{D0E7F20C-611A-412D-B057-CBB166B3771D}.Ad-Hoc|iPhone.Build.0 = Release|Any CPU
		{D0E7F20C-611A-412D-B057-CBB166B3771D}.Ad-Hoc|iPhone.Deploy.0 = Release|Any CPU
		{D0E7F20C-611A-412D-B057-CBB166B3771D}.Ad-Hoc|iPhoneSimulator.ActiveCfg = Release|Any CPU
		{D0E7F20C-611A-412D-B057-CBB166B3771D}.Ad-Hoc|iPhoneSimulator.Build.0 = Release|Any CPU
		{D0E7F20C-611A-412D-B057-CBB166B3771D}.Ad-Hoc|iPhoneSimulator.Deploy.0 = Release|Any CPU
		{D0E7F20C-611A-412D-B057-CBB166B3771D}.Ad-Hoc|x64.ActiveCfg = Release|Any CPU
		{D0E7F20C-611A-412D-B057-CBB166B3771D}.Ad-Hoc|x64.Build.0 = Release|Any CPU
		{D0E7F20C-611A-412D-B057-CBB166B3771D}.Ad-Hoc|x64.Deploy.0 = Release|Any CPU
		{D0E7F20C-611A-412D-B057-CBB166B3771D}.Ad-Hoc|x86.ActiveCfg = Release|x86
		{D0E7F20C-611A-412D-B057-CBB166B3771D}.Ad-Hoc|x86.Build.0 = Release|x86
		{D0E7F20C-611A-412D-B057-CBB166B3771D}.Ad-Hoc|x86.Deploy.0 = Release|x86
		{D0E7F20C-611A-412D-B057-CBB166B3771D}.AppStore|Any CPU.ActiveCfg = Release|Any CPU
		{D0E7F20C-611A-412D-B057-CBB166B3771D}.AppStore|Any CPU.Build.0 = Release|Any CPU
		{D0E7F20C-611A-412D-B057-CBB166B3771D}.AppStore|Any CPU.Deploy.0 = Release|Any CPU
		{D0E7F20C-611A-412D-B057-CBB166B3771D}.AppStore|ARM.ActiveCfg = Release|ARM
		{D0E7F20C-611A-412D-B057-CBB166B3771D}.AppStore|ARM.Build.0 = Release|ARM
		{D0E7F20C-611A-412D-B057-CBB166B3771D}.AppStore|ARM.Deploy.0 = Release|ARM
		{D0E7F20C-611A-412D-B057-CBB166B3771D}.AppStore|iPhone.ActiveCfg = Release|Any CPU
		{D0E7F20C-611A-412D-B057-CBB166B3771D}.AppStore|iPhone.Build.0 = Release|Any CPU
		{D0E7F20C-611A-412D-B057-CBB166B3771D}.AppStore|iPhone.Deploy.0 = Release|Any CPU
		{D0E7F20C-611A-412D-B057-CBB166B3771D}.AppStore|iPhoneSimulator.ActiveCfg = Release|Any CPU
		{D0E7F20C-611A-412D-B057-CBB166B3771D}.AppStore|iPhoneSimulator.Build.0 = Release|Any CPU
		{D0E7F20C-611A-412D-B057-CBB166B3771D}.AppStore|iPhoneSimulator.Deploy.0 = Release|Any CPU
		{D0E7F20C-611A-412D-B057-CBB166B3771D}.AppStore|x64.ActiveCfg = Release|Any CPU
		{D0E7F20C-611A-412D-B057-CBB166B3771D}.AppStore|x64.Build.0 = Release|Any CPU
		{D0E7F20C-611A-412D-B057-CBB166B3771D}.AppStore|x64.Deploy.0 = Release|Any CPU
		{D0E7F20C-611A-412D-B057-CBB166B3771D}.AppStore|x86.ActiveCfg = Release|x86
		{D0E7F20C-611A-412D-B057-CBB166B3771D}.AppStore|x86.Build.0 = Release|x86
		{D0E7F20C-611A-412D-B057-CBB166B3771D}.AppStore|x86.Deploy.0 = Release|x86
		{D0E7F20C-611A-412D-B057-CBB166B3771D}.Debug|Any CPU.ActiveCfg = Debug|Any CPU
		{D0E7F20C-611A-412D-B057-CBB166B3771D}.Debug|ARM.ActiveCfg = Debug|ARM
		{D0E7F20C-611A-412D-B057-CBB166B3771D}.Debug|ARM.Build.0 = Debug|ARM
		{D0E7F20C-611A-412D-B057-CBB166B3771D}.Debug|ARM.Deploy.0 = Debug|ARM
		{D0E7F20C-611A-412D-B057-CBB166B3771D}.Debug|iPhone.ActiveCfg = Debug|Any CPU
		{D0E7F20C-611A-412D-B057-CBB166B3771D}.Debug|iPhone.Build.0 = Debug|Any CPU
		{D0E7F20C-611A-412D-B057-CBB166B3771D}.Debug|iPhone.Deploy.0 = Debug|Any CPU
		{D0E7F20C-611A-412D-B057-CBB166B3771D}.Debug|iPhoneSimulator.ActiveCfg = Debug|Any CPU
		{D0E7F20C-611A-412D-B057-CBB166B3771D}.Debug|iPhoneSimulator.Build.0 = Debug|Any CPU
		{D0E7F20C-611A-412D-B057-CBB166B3771D}.Debug|iPhoneSimulator.Deploy.0 = Debug|Any CPU
		{D0E7F20C-611A-412D-B057-CBB166B3771D}.Debug|x64.ActiveCfg = Debug|Any CPU
		{D0E7F20C-611A-412D-B057-CBB166B3771D}.Debug|x64.Build.0 = Debug|Any CPU
		{D0E7F20C-611A-412D-B057-CBB166B3771D}.Debug|x64.Deploy.0 = Debug|Any CPU
		{D0E7F20C-611A-412D-B057-CBB166B3771D}.Debug|x86.ActiveCfg = Debug|x86
		{D0E7F20C-611A-412D-B057-CBB166B3771D}.Debug|x86.Build.0 = Debug|x86
		{D0E7F20C-611A-412D-B057-CBB166B3771D}.Debug|x86.Deploy.0 = Debug|x86
		{D0E7F20C-611A-412D-B057-CBB166B3771D}.Release|Any CPU.ActiveCfg = Release|Any CPU
		{D0E7F20C-611A-412D-B057-CBB166B3771D}.Release|Any CPU.Build.0 = Release|Any CPU
		{D0E7F20C-611A-412D-B057-CBB166B3771D}.Release|Any CPU.Deploy.0 = Release|Any CPU
		{D0E7F20C-611A-412D-B057-CBB166B3771D}.Release|ARM.ActiveCfg = Release|ARM
		{D0E7F20C-611A-412D-B057-CBB166B3771D}.Release|ARM.Build.0 = Release|ARM
		{D0E7F20C-611A-412D-B057-CBB166B3771D}.Release|ARM.Deploy.0 = Release|ARM
		{D0E7F20C-611A-412D-B057-CBB166B3771D}.Release|iPhone.ActiveCfg = Release|Any CPU
		{D0E7F20C-611A-412D-B057-CBB166B3771D}.Release|iPhone.Build.0 = Release|Any CPU
		{D0E7F20C-611A-412D-B057-CBB166B3771D}.Release|iPhone.Deploy.0 = Release|Any CPU
		{D0E7F20C-611A-412D-B057-CBB166B3771D}.Release|iPhoneSimulator.ActiveCfg = Release|Any CPU
		{D0E7F20C-611A-412D-B057-CBB166B3771D}.Release|iPhoneSimulator.Build.0 = Release|Any CPU
		{D0E7F20C-611A-412D-B057-CBB166B3771D}.Release|iPhoneSimulator.Deploy.0 = Release|Any CPU
		{D0E7F20C-611A-412D-B057-CBB166B3771D}.Release|x64.ActiveCfg = Release|Any CPU
		{D0E7F20C-611A-412D-B057-CBB166B3771D}.Release|x64.Build.0 = Release|Any CPU
		{D0E7F20C-611A-412D-B057-CBB166B3771D}.Release|x64.Deploy.0 = Release|Any CPU
		{D0E7F20C-611A-412D-B057-CBB166B3771D}.Release|x86.ActiveCfg = Release|x86
		{D0E7F20C-611A-412D-B057-CBB166B3771D}.Release|x86.Build.0 = Release|x86
		{D0E7F20C-611A-412D-B057-CBB166B3771D}.Release|x86.Deploy.0 = Release|x86
		{A3E65C0A-BAB0-4554-A3CA-2ACE2D9256C7}.Ad-Hoc|Any CPU.ActiveCfg = Release|x86
		{A3E65C0A-BAB0-4554-A3CA-2ACE2D9256C7}.Ad-Hoc|Any CPU.Build.0 = Release|x86
		{A3E65C0A-BAB0-4554-A3CA-2ACE2D9256C7}.Ad-Hoc|Any CPU.Deploy.0 = Release|x86
		{A3E65C0A-BAB0-4554-A3CA-2ACE2D9256C7}.Ad-Hoc|ARM.ActiveCfg = Release|ARM
		{A3E65C0A-BAB0-4554-A3CA-2ACE2D9256C7}.Ad-Hoc|ARM.Build.0 = Release|ARM
		{A3E65C0A-BAB0-4554-A3CA-2ACE2D9256C7}.Ad-Hoc|ARM.Deploy.0 = Release|ARM
		{A3E65C0A-BAB0-4554-A3CA-2ACE2D9256C7}.Ad-Hoc|iPhone.ActiveCfg = Release|x86
		{A3E65C0A-BAB0-4554-A3CA-2ACE2D9256C7}.Ad-Hoc|iPhone.Build.0 = Release|x86
		{A3E65C0A-BAB0-4554-A3CA-2ACE2D9256C7}.Ad-Hoc|iPhone.Deploy.0 = Release|x86
		{A3E65C0A-BAB0-4554-A3CA-2ACE2D9256C7}.Ad-Hoc|iPhoneSimulator.ActiveCfg = Release|x86
		{A3E65C0A-BAB0-4554-A3CA-2ACE2D9256C7}.Ad-Hoc|iPhoneSimulator.Build.0 = Release|x86
		{A3E65C0A-BAB0-4554-A3CA-2ACE2D9256C7}.Ad-Hoc|iPhoneSimulator.Deploy.0 = Release|x86
		{A3E65C0A-BAB0-4554-A3CA-2ACE2D9256C7}.Ad-Hoc|x64.ActiveCfg = Release|x64
		{A3E65C0A-BAB0-4554-A3CA-2ACE2D9256C7}.Ad-Hoc|x64.Build.0 = Release|x64
		{A3E65C0A-BAB0-4554-A3CA-2ACE2D9256C7}.Ad-Hoc|x64.Deploy.0 = Release|x64
		{A3E65C0A-BAB0-4554-A3CA-2ACE2D9256C7}.Ad-Hoc|x86.ActiveCfg = Release|x86
		{A3E65C0A-BAB0-4554-A3CA-2ACE2D9256C7}.Ad-Hoc|x86.Build.0 = Release|x86
		{A3E65C0A-BAB0-4554-A3CA-2ACE2D9256C7}.Ad-Hoc|x86.Deploy.0 = Release|x86
		{A3E65C0A-BAB0-4554-A3CA-2ACE2D9256C7}.AppStore|Any CPU.ActiveCfg = Release|x86
		{A3E65C0A-BAB0-4554-A3CA-2ACE2D9256C7}.AppStore|Any CPU.Build.0 = Release|x86
		{A3E65C0A-BAB0-4554-A3CA-2ACE2D9256C7}.AppStore|Any CPU.Deploy.0 = Release|x86
		{A3E65C0A-BAB0-4554-A3CA-2ACE2D9256C7}.AppStore|ARM.ActiveCfg = Release|ARM
		{A3E65C0A-BAB0-4554-A3CA-2ACE2D9256C7}.AppStore|ARM.Build.0 = Release|ARM
		{A3E65C0A-BAB0-4554-A3CA-2ACE2D9256C7}.AppStore|ARM.Deploy.0 = Release|ARM
		{A3E65C0A-BAB0-4554-A3CA-2ACE2D9256C7}.AppStore|iPhone.ActiveCfg = Release|x86
		{A3E65C0A-BAB0-4554-A3CA-2ACE2D9256C7}.AppStore|iPhone.Build.0 = Release|x86
		{A3E65C0A-BAB0-4554-A3CA-2ACE2D9256C7}.AppStore|iPhone.Deploy.0 = Release|x86
		{A3E65C0A-BAB0-4554-A3CA-2ACE2D9256C7}.AppStore|iPhoneSimulator.ActiveCfg = Release|x86
		{A3E65C0A-BAB0-4554-A3CA-2ACE2D9256C7}.AppStore|iPhoneSimulator.Build.0 = Release|x86
		{A3E65C0A-BAB0-4554-A3CA-2ACE2D9256C7}.AppStore|iPhoneSimulator.Deploy.0 = Release|x86
		{A3E65C0A-BAB0-4554-A3CA-2ACE2D9256C7}.AppStore|x64.ActiveCfg = Release|x64
		{A3E65C0A-BAB0-4554-A3CA-2ACE2D9256C7}.AppStore|x64.Build.0 = Release|x64
		{A3E65C0A-BAB0-4554-A3CA-2ACE2D9256C7}.AppStore|x64.Deploy.0 = Release|x64
		{A3E65C0A-BAB0-4554-A3CA-2ACE2D9256C7}.AppStore|x86.ActiveCfg = Release|x86
		{A3E65C0A-BAB0-4554-A3CA-2ACE2D9256C7}.AppStore|x86.Build.0 = Release|x86
		{A3E65C0A-BAB0-4554-A3CA-2ACE2D9256C7}.AppStore|x86.Deploy.0 = Release|x86
		{A3E65C0A-BAB0-4554-A3CA-2ACE2D9256C7}.Debug|Any CPU.ActiveCfg = Debug|x86
		{A3E65C0A-BAB0-4554-A3CA-2ACE2D9256C7}.Debug|Any CPU.Build.0 = Debug|x86
		{A3E65C0A-BAB0-4554-A3CA-2ACE2D9256C7}.Debug|Any CPU.Deploy.0 = Debug|x86
		{A3E65C0A-BAB0-4554-A3CA-2ACE2D9256C7}.Debug|ARM.ActiveCfg = Debug|ARM
		{A3E65C0A-BAB0-4554-A3CA-2ACE2D9256C7}.Debug|ARM.Build.0 = Debug|ARM
		{A3E65C0A-BAB0-4554-A3CA-2ACE2D9256C7}.Debug|ARM.Deploy.0 = Debug|ARM
		{A3E65C0A-BAB0-4554-A3CA-2ACE2D9256C7}.Debug|iPhone.ActiveCfg = Debug|x86
		{A3E65C0A-BAB0-4554-A3CA-2ACE2D9256C7}.Debug|iPhoneSimulator.ActiveCfg = Debug|x86
		{A3E65C0A-BAB0-4554-A3CA-2ACE2D9256C7}.Debug|x64.ActiveCfg = Debug|x64
		{A3E65C0A-BAB0-4554-A3CA-2ACE2D9256C7}.Debug|x64.Build.0 = Debug|x64
		{A3E65C0A-BAB0-4554-A3CA-2ACE2D9256C7}.Debug|x64.Deploy.0 = Debug|x64
		{A3E65C0A-BAB0-4554-A3CA-2ACE2D9256C7}.Debug|x86.ActiveCfg = Debug|x86
		{A3E65C0A-BAB0-4554-A3CA-2ACE2D9256C7}.Debug|x86.Build.0 = Debug|x86
		{A3E65C0A-BAB0-4554-A3CA-2ACE2D9256C7}.Debug|x86.Deploy.0 = Debug|x86
		{A3E65C0A-BAB0-4554-A3CA-2ACE2D9256C7}.Release|Any CPU.ActiveCfg = Release|x86
		{A3E65C0A-BAB0-4554-A3CA-2ACE2D9256C7}.Release|ARM.ActiveCfg = Release|ARM
		{A3E65C0A-BAB0-4554-A3CA-2ACE2D9256C7}.Release|ARM.Build.0 = Release|ARM
		{A3E65C0A-BAB0-4554-A3CA-2ACE2D9256C7}.Release|ARM.Deploy.0 = Release|ARM
		{A3E65C0A-BAB0-4554-A3CA-2ACE2D9256C7}.Release|iPhone.ActiveCfg = Release|x86
		{A3E65C0A-BAB0-4554-A3CA-2ACE2D9256C7}.Release|iPhoneSimulator.ActiveCfg = Release|x86
		{A3E65C0A-BAB0-4554-A3CA-2ACE2D9256C7}.Release|x64.ActiveCfg = Release|x64
		{A3E65C0A-BAB0-4554-A3CA-2ACE2D9256C7}.Release|x64.Build.0 = Release|x64
		{A3E65C0A-BAB0-4554-A3CA-2ACE2D9256C7}.Release|x64.Deploy.0 = Release|x64
		{A3E65C0A-BAB0-4554-A3CA-2ACE2D9256C7}.Release|x86.ActiveCfg = Release|x86
		{A3E65C0A-BAB0-4554-A3CA-2ACE2D9256C7}.Release|x86.Build.0 = Release|x86
		{A3E65C0A-BAB0-4554-A3CA-2ACE2D9256C7}.Release|x86.Deploy.0 = Release|x86
		{1B25DF5D-72EA-4658-B9AA-EA206FCF6DC0}.Ad-Hoc|Any CPU.ActiveCfg = Release|Any CPU
		{1B25DF5D-72EA-4658-B9AA-EA206FCF6DC0}.Ad-Hoc|Any CPU.Build.0 = Release|Any CPU
		{1B25DF5D-72EA-4658-B9AA-EA206FCF6DC0}.Ad-Hoc|Any CPU.Deploy.0 = Release|Any CPU
		{1B25DF5D-72EA-4658-B9AA-EA206FCF6DC0}.Ad-Hoc|ARM.ActiveCfg = Release|ARM
		{1B25DF5D-72EA-4658-B9AA-EA206FCF6DC0}.Ad-Hoc|ARM.Build.0 = Release|ARM
		{1B25DF5D-72EA-4658-B9AA-EA206FCF6DC0}.Ad-Hoc|ARM.Deploy.0 = Release|ARM
		{1B25DF5D-72EA-4658-B9AA-EA206FCF6DC0}.Ad-Hoc|iPhone.ActiveCfg = Release|Any CPU
		{1B25DF5D-72EA-4658-B9AA-EA206FCF6DC0}.Ad-Hoc|iPhone.Build.0 = Release|Any CPU
		{1B25DF5D-72EA-4658-B9AA-EA206FCF6DC0}.Ad-Hoc|iPhone.Deploy.0 = Release|Any CPU
		{1B25DF5D-72EA-4658-B9AA-EA206FCF6DC0}.Ad-Hoc|iPhoneSimulator.ActiveCfg = Release|Any CPU
		{1B25DF5D-72EA-4658-B9AA-EA206FCF6DC0}.Ad-Hoc|iPhoneSimulator.Build.0 = Release|Any CPU
		{1B25DF5D-72EA-4658-B9AA-EA206FCF6DC0}.Ad-Hoc|iPhoneSimulator.Deploy.0 = Release|Any CPU
		{1B25DF5D-72EA-4658-B9AA-EA206FCF6DC0}.Ad-Hoc|x64.ActiveCfg = Release|x64
		{1B25DF5D-72EA-4658-B9AA-EA206FCF6DC0}.Ad-Hoc|x64.Build.0 = Release|x64
		{1B25DF5D-72EA-4658-B9AA-EA206FCF6DC0}.Ad-Hoc|x64.Deploy.0 = Release|x64
		{1B25DF5D-72EA-4658-B9AA-EA206FCF6DC0}.Ad-Hoc|x86.ActiveCfg = Release|x86
		{1B25DF5D-72EA-4658-B9AA-EA206FCF6DC0}.Ad-Hoc|x86.Build.0 = Release|x86
		{1B25DF5D-72EA-4658-B9AA-EA206FCF6DC0}.Ad-Hoc|x86.Deploy.0 = Release|x86
		{1B25DF5D-72EA-4658-B9AA-EA206FCF6DC0}.AppStore|Any CPU.ActiveCfg = Release|Any CPU
		{1B25DF5D-72EA-4658-B9AA-EA206FCF6DC0}.AppStore|Any CPU.Build.0 = Release|Any CPU
		{1B25DF5D-72EA-4658-B9AA-EA206FCF6DC0}.AppStore|Any CPU.Deploy.0 = Release|Any CPU
		{1B25DF5D-72EA-4658-B9AA-EA206FCF6DC0}.AppStore|ARM.ActiveCfg = Release|ARM
		{1B25DF5D-72EA-4658-B9AA-EA206FCF6DC0}.AppStore|ARM.Build.0 = Release|ARM
		{1B25DF5D-72EA-4658-B9AA-EA206FCF6DC0}.AppStore|ARM.Deploy.0 = Release|ARM
		{1B25DF5D-72EA-4658-B9AA-EA206FCF6DC0}.AppStore|iPhone.ActiveCfg = Release|Any CPU
		{1B25DF5D-72EA-4658-B9AA-EA206FCF6DC0}.AppStore|iPhone.Build.0 = Release|Any CPU
		{1B25DF5D-72EA-4658-B9AA-EA206FCF6DC0}.AppStore|iPhone.Deploy.0 = Release|Any CPU
		{1B25DF5D-72EA-4658-B9AA-EA206FCF6DC0}.AppStore|iPhoneSimulator.ActiveCfg = Release|Any CPU
		{1B25DF5D-72EA-4658-B9AA-EA206FCF6DC0}.AppStore|iPhoneSimulator.Build.0 = Release|Any CPU
		{1B25DF5D-72EA-4658-B9AA-EA206FCF6DC0}.AppStore|iPhoneSimulator.Deploy.0 = Release|Any CPU
		{1B25DF5D-72EA-4658-B9AA-EA206FCF6DC0}.AppStore|x64.ActiveCfg = Release|x64
		{1B25DF5D-72EA-4658-B9AA-EA206FCF6DC0}.AppStore|x64.Build.0 = Release|x64
		{1B25DF5D-72EA-4658-B9AA-EA206FCF6DC0}.AppStore|x64.Deploy.0 = Release|x64
		{1B25DF5D-72EA-4658-B9AA-EA206FCF6DC0}.AppStore|x86.ActiveCfg = Release|x86
		{1B25DF5D-72EA-4658-B9AA-EA206FCF6DC0}.AppStore|x86.Build.0 = Release|x86
		{1B25DF5D-72EA-4658-B9AA-EA206FCF6DC0}.AppStore|x86.Deploy.0 = Release|x86
		{1B25DF5D-72EA-4658-B9AA-EA206FCF6DC0}.Debug|Any CPU.ActiveCfg = Debug|Any CPU
		{1B25DF5D-72EA-4658-B9AA-EA206FCF6DC0}.Debug|ARM.ActiveCfg = Debug|ARM
		{1B25DF5D-72EA-4658-B9AA-EA206FCF6DC0}.Debug|ARM.Build.0 = Debug|ARM
		{1B25DF5D-72EA-4658-B9AA-EA206FCF6DC0}.Debug|ARM.Deploy.0 = Debug|ARM
		{1B25DF5D-72EA-4658-B9AA-EA206FCF6DC0}.Debug|iPhone.ActiveCfg = Debug|Any CPU
		{1B25DF5D-72EA-4658-B9AA-EA206FCF6DC0}.Debug|iPhone.Build.0 = Debug|Any CPU
		{1B25DF5D-72EA-4658-B9AA-EA206FCF6DC0}.Debug|iPhone.Deploy.0 = Debug|Any CPU
		{1B25DF5D-72EA-4658-B9AA-EA206FCF6DC0}.Debug|iPhoneSimulator.ActiveCfg = Debug|Any CPU
		{1B25DF5D-72EA-4658-B9AA-EA206FCF6DC0}.Debug|iPhoneSimulator.Build.0 = Debug|Any CPU
		{1B25DF5D-72EA-4658-B9AA-EA206FCF6DC0}.Debug|iPhoneSimulator.Deploy.0 = Debug|Any CPU
		{1B25DF5D-72EA-4658-B9AA-EA206FCF6DC0}.Debug|x64.ActiveCfg = Debug|x64
		{1B25DF5D-72EA-4658-B9AA-EA206FCF6DC0}.Debug|x64.Build.0 = Debug|x64
		{1B25DF5D-72EA-4658-B9AA-EA206FCF6DC0}.Debug|x64.Deploy.0 = Debug|x64
		{1B25DF5D-72EA-4658-B9AA-EA206FCF6DC0}.Debug|x86.ActiveCfg = Debug|x86
		{1B25DF5D-72EA-4658-B9AA-EA206FCF6DC0}.Debug|x86.Build.0 = Debug|x86
		{1B25DF5D-72EA-4658-B9AA-EA206FCF6DC0}.Debug|x86.Deploy.0 = Debug|x86
		{1B25DF5D-72EA-4658-B9AA-EA206FCF6DC0}.Release|Any CPU.ActiveCfg = Release|Any CPU
		{1B25DF5D-72EA-4658-B9AA-EA206FCF6DC0}.Release|Any CPU.Build.0 = Release|Any CPU
		{1B25DF5D-72EA-4658-B9AA-EA206FCF6DC0}.Release|Any CPU.Deploy.0 = Release|Any CPU
		{1B25DF5D-72EA-4658-B9AA-EA206FCF6DC0}.Release|ARM.ActiveCfg = Release|ARM
		{1B25DF5D-72EA-4658-B9AA-EA206FCF6DC0}.Release|ARM.Build.0 = Release|ARM
		{1B25DF5D-72EA-4658-B9AA-EA206FCF6DC0}.Release|ARM.Deploy.0 = Release|ARM
		{1B25DF5D-72EA-4658-B9AA-EA206FCF6DC0}.Release|iPhone.ActiveCfg = Release|Any CPU
		{1B25DF5D-72EA-4658-B9AA-EA206FCF6DC0}.Release|iPhone.Build.0 = Release|Any CPU
		{1B25DF5D-72EA-4658-B9AA-EA206FCF6DC0}.Release|iPhone.Deploy.0 = Release|Any CPU
		{1B25DF5D-72EA-4658-B9AA-EA206FCF6DC0}.Release|iPhoneSimulator.ActiveCfg = Release|Any CPU
		{1B25DF5D-72EA-4658-B9AA-EA206FCF6DC0}.Release|iPhoneSimulator.Build.0 = Release|Any CPU
		{1B25DF5D-72EA-4658-B9AA-EA206FCF6DC0}.Release|iPhoneSimulator.Deploy.0 = Release|Any CPU
		{1B25DF5D-72EA-4658-B9AA-EA206FCF6DC0}.Release|x64.ActiveCfg = Release|x64
		{1B25DF5D-72EA-4658-B9AA-EA206FCF6DC0}.Release|x64.Build.0 = Release|x64
		{1B25DF5D-72EA-4658-B9AA-EA206FCF6DC0}.Release|x64.Deploy.0 = Release|x64
		{1B25DF5D-72EA-4658-B9AA-EA206FCF6DC0}.Release|x86.ActiveCfg = Release|x86
		{1B25DF5D-72EA-4658-B9AA-EA206FCF6DC0}.Release|x86.Build.0 = Release|x86
		{1B25DF5D-72EA-4658-B9AA-EA206FCF6DC0}.Release|x86.Deploy.0 = Release|x86
		{DFEEB3D1-C3AF-4B54-BF07-09D814212DCC}.Ad-Hoc|Any CPU.ActiveCfg = Release|Any CPU
		{DFEEB3D1-C3AF-4B54-BF07-09D814212DCC}.Ad-Hoc|Any CPU.Build.0 = Release|Any CPU
		{DFEEB3D1-C3AF-4B54-BF07-09D814212DCC}.Ad-Hoc|ARM.ActiveCfg = Release|Any CPU
		{DFEEB3D1-C3AF-4B54-BF07-09D814212DCC}.Ad-Hoc|ARM.Build.0 = Release|Any CPU
		{DFEEB3D1-C3AF-4B54-BF07-09D814212DCC}.Ad-Hoc|iPhone.ActiveCfg = Release|Any CPU
		{DFEEB3D1-C3AF-4B54-BF07-09D814212DCC}.Ad-Hoc|iPhone.Build.0 = Release|Any CPU
		{DFEEB3D1-C3AF-4B54-BF07-09D814212DCC}.Ad-Hoc|iPhoneSimulator.ActiveCfg = Release|Any CPU
		{DFEEB3D1-C3AF-4B54-BF07-09D814212DCC}.Ad-Hoc|iPhoneSimulator.Build.0 = Release|Any CPU
		{DFEEB3D1-C3AF-4B54-BF07-09D814212DCC}.Ad-Hoc|x64.ActiveCfg = Release|Any CPU
		{DFEEB3D1-C3AF-4B54-BF07-09D814212DCC}.Ad-Hoc|x64.Build.0 = Release|Any CPU
		{DFEEB3D1-C3AF-4B54-BF07-09D814212DCC}.Ad-Hoc|x86.ActiveCfg = Release|Any CPU
		{DFEEB3D1-C3AF-4B54-BF07-09D814212DCC}.Ad-Hoc|x86.Build.0 = Release|Any CPU
		{DFEEB3D1-C3AF-4B54-BF07-09D814212DCC}.AppStore|Any CPU.ActiveCfg = Release|Any CPU
		{DFEEB3D1-C3AF-4B54-BF07-09D814212DCC}.AppStore|Any CPU.Build.0 = Release|Any CPU
		{DFEEB3D1-C3AF-4B54-BF07-09D814212DCC}.AppStore|ARM.ActiveCfg = Release|Any CPU
		{DFEEB3D1-C3AF-4B54-BF07-09D814212DCC}.AppStore|ARM.Build.0 = Release|Any CPU
		{DFEEB3D1-C3AF-4B54-BF07-09D814212DCC}.AppStore|iPhone.ActiveCfg = Release|Any CPU
		{DFEEB3D1-C3AF-4B54-BF07-09D814212DCC}.AppStore|iPhone.Build.0 = Release|Any CPU
		{DFEEB3D1-C3AF-4B54-BF07-09D814212DCC}.AppStore|iPhoneSimulator.ActiveCfg = Release|Any CPU
		{DFEEB3D1-C3AF-4B54-BF07-09D814212DCC}.AppStore|iPhoneSimulator.Build.0 = Release|Any CPU
		{DFEEB3D1-C3AF-4B54-BF07-09D814212DCC}.AppStore|x64.ActiveCfg = Release|Any CPU
		{DFEEB3D1-C3AF-4B54-BF07-09D814212DCC}.AppStore|x64.Build.0 = Release|Any CPU
		{DFEEB3D1-C3AF-4B54-BF07-09D814212DCC}.AppStore|x86.ActiveCfg = Release|Any CPU
		{DFEEB3D1-C3AF-4B54-BF07-09D814212DCC}.AppStore|x86.Build.0 = Release|Any CPU
		{DFEEB3D1-C3AF-4B54-BF07-09D814212DCC}.Debug|Any CPU.ActiveCfg = Debug|Any CPU
		{DFEEB3D1-C3AF-4B54-BF07-09D814212DCC}.Debug|Any CPU.Build.0 = Debug|Any CPU
		{DFEEB3D1-C3AF-4B54-BF07-09D814212DCC}.Debug|ARM.ActiveCfg = Debug|Any CPU
		{DFEEB3D1-C3AF-4B54-BF07-09D814212DCC}.Debug|ARM.Build.0 = Debug|Any CPU
		{DFEEB3D1-C3AF-4B54-BF07-09D814212DCC}.Debug|iPhone.ActiveCfg = Debug|Any CPU
		{DFEEB3D1-C3AF-4B54-BF07-09D814212DCC}.Debug|iPhone.Build.0 = Debug|Any CPU
		{DFEEB3D1-C3AF-4B54-BF07-09D814212DCC}.Debug|iPhoneSimulator.ActiveCfg = Debug|Any CPU
		{DFEEB3D1-C3AF-4B54-BF07-09D814212DCC}.Debug|iPhoneSimulator.Build.0 = Debug|Any CPU
		{DFEEB3D1-C3AF-4B54-BF07-09D814212DCC}.Debug|x64.ActiveCfg = Debug|Any CPU
		{DFEEB3D1-C3AF-4B54-BF07-09D814212DCC}.Debug|x64.Build.0 = Debug|Any CPU
		{DFEEB3D1-C3AF-4B54-BF07-09D814212DCC}.Debug|x86.ActiveCfg = Debug|Any CPU
		{DFEEB3D1-C3AF-4B54-BF07-09D814212DCC}.Debug|x86.Build.0 = Debug|Any CPU
		{DFEEB3D1-C3AF-4B54-BF07-09D814212DCC}.Release|Any CPU.ActiveCfg = Release|Any CPU
		{DFEEB3D1-C3AF-4B54-BF07-09D814212DCC}.Release|Any CPU.Build.0 = Release|Any CPU
		{DFEEB3D1-C3AF-4B54-BF07-09D814212DCC}.Release|ARM.ActiveCfg = Release|Any CPU
		{DFEEB3D1-C3AF-4B54-BF07-09D814212DCC}.Release|ARM.Build.0 = Release|Any CPU
		{DFEEB3D1-C3AF-4B54-BF07-09D814212DCC}.Release|iPhone.ActiveCfg = Release|Any CPU
		{DFEEB3D1-C3AF-4B54-BF07-09D814212DCC}.Release|iPhone.Build.0 = Release|Any CPU
		{DFEEB3D1-C3AF-4B54-BF07-09D814212DCC}.Release|iPhoneSimulator.ActiveCfg = Release|Any CPU
		{DFEEB3D1-C3AF-4B54-BF07-09D814212DCC}.Release|iPhoneSimulator.Build.0 = Release|Any CPU
		{DFEEB3D1-C3AF-4B54-BF07-09D814212DCC}.Release|x64.ActiveCfg = Release|Any CPU
		{DFEEB3D1-C3AF-4B54-BF07-09D814212DCC}.Release|x64.Build.0 = Release|Any CPU
		{DFEEB3D1-C3AF-4B54-BF07-09D814212DCC}.Release|x86.ActiveCfg = Release|Any CPU
		{DFEEB3D1-C3AF-4B54-BF07-09D814212DCC}.Release|x86.Build.0 = Release|Any CPU
	EndGlobalSection
	GlobalSection(SolutionProperties) = preSolution
		HideSolutionNode = FALSE
	EndGlobalSection
EndGlobal
